// !$*UTF8*$!
{
	archiveVersion = 1;
	classes = {
	};
	objectVersion = 56;
	objects = {

/* Begin PBXBuildFile section */
		88BF31842BA7B244004A20BE /* AppDelegate.swift in Sources */ = {isa = PBXBuildFile; fileRef = 88BF31832BA7B244004A20BE /* AppDelegate.swift */; };
		88BF31862BA7B244004A20BE /* SceneDelegate.swift in Sources */ = {isa = PBXBuildFile; fileRef = 88BF31852BA7B244004A20BE /* SceneDelegate.swift */; };
		88BF31882BA7B244004A20BE /* ViewController.swift in Sources */ = {isa = PBXBuildFile; fileRef = 88BF31872BA7B244004A20BE /* ViewController.swift */; };
		88BF318D2BA7B245004A20BE /* Assets.xcassets in Resources */ = {isa = PBXBuildFile; fileRef = 88BF318C2BA7B245004A20BE /* Assets.xcassets */; };
		88BF31902BA7B245004A20BE /* LaunchScreen.storyboard in Resources */ = {isa = PBXBuildFile; fileRef = 88BF318E2BA7B245004A20BE /* LaunchScreen.storyboard */; };
		88BF31982BA7B58C004A20BE /* MainTabBarController.swift in Sources */ = {isa = PBXBuildFile; fileRef = 88BF31972BA7B58C004A20BE /* MainTabBarController.swift */; };
		88BF319A2BA7B625004A20BE /* FriendsViewController.swift in Sources */ = {isa = PBXBuildFile; fileRef = 88BF31992BA7B625004A20BE /* FriendsViewController.swift */; };
		88BF319C2BA7B6BC004A20BE /* CustomTableViewCell.swift in Sources */ = {isa = PBXBuildFile; fileRef = 88BF319B2BA7B6BC004A20BE /* CustomTableViewCell.swift */; };
		88BF319E2BA7B722004A20BE /* GroupsViewController.swift in Sources */ = {isa = PBXBuildFile; fileRef = 88BF319D2BA7B722004A20BE /* GroupsViewController.swift */; };
		88BF31A02BA7B733004A20BE /* PhotoViewController.swift in Sources */ = {isa = PBXBuildFile; fileRef = 88BF319F2BA7B733004A20BE /* PhotoViewController.swift */; };
		88BF31A22BA7B77E004A20BE /* CustomTableViewCell2.swift in Sources */ = {isa = PBXBuildFile; fileRef = 88BF31A12BA7B77E004A20BE /* CustomTableViewCell2.swift */; };
		88BF31A42BA7B880004A20BE /* CustomCollectionViewCell.swift in Sources */ = {isa = PBXBuildFile; fileRef = 88BF31A32BA7B880004A20BE /* CustomCollectionViewCell.swift */; };
		88BF31A62BA7B9C5004A20BE /* ImageViewController.swift in Sources */ = {isa = PBXBuildFile; fileRef = 88BF31A52BA7B9C4004A20BE /* ImageViewController.swift */; };
/* End PBXBuildFile section */

/* Begin PBXFileReference section */
		88BF31802BA7B244004A20BE /* HW2.app */ = {isa = PBXFileReference; explicitFileType = wrapper.application; includeInIndex = 0; path = HW2.app; sourceTree = BUILT_PRODUCTS_DIR; };
		88BF31832BA7B244004A20BE /* AppDelegate.swift */ = {isa = PBXFileReference; lastKnownFileType = sourcecode.swift; path = AppDelegate.swift; sourceTree = "<group>"; };
		88BF31852BA7B244004A20BE /* SceneDelegate.swift */ = {isa = PBXFileReference; lastKnownFileType = sourcecode.swift; path = SceneDelegate.swift; sourceTree = "<group>"; };
		88BF31872BA7B244004A20BE /* ViewController.swift */ = {isa = PBXFileReference; lastKnownFileType = sourcecode.swift; path = ViewController.swift; sourceTree = "<group>"; };
		88BF318C2BA7B245004A20BE /* Assets.xcassets */ = {isa = PBXFileReference; lastKnownFileType = folder.assetcatalog; path = Assets.xcassets; sourceTree = "<group>"; };
		88BF318F2BA7B245004A20BE /* Base */ = {isa = PBXFileReference; lastKnownFileType = file.storyboard; name = Base; path = Base.lproj/LaunchScreen.storyboard; sourceTree = "<group>"; };
		88BF31912BA7B245004A20BE /* Info.plist */ = {isa = PBXFileReference; lastKnownFileType = text.plist.xml; path = Info.plist; sourceTree = "<group>"; };
		88BF31972BA7B58C004A20BE /* MainTabBarController.swift */ = {isa = PBXFileReference; lastKnownFileType = sourcecode.swift; path = MainTabBarController.swift; sourceTree = "<group>"; };
		88BF31992BA7B625004A20BE /* FriendsViewController.swift */ = {isa = PBXFileReference; lastKnownFileType = sourcecode.swift; path = FriendsViewController.swift; sourceTree = "<group>"; };
		88BF319B2BA7B6BC004A20BE /* CustomTableViewCell.swift */ = {isa = PBXFileReference; lastKnownFileType = sourcecode.swift; path = CustomTableViewCell.swift; sourceTree = "<group>"; };
		88BF319D2BA7B722004A20BE /* GroupsViewController.swift */ = {isa = PBXFileReference; lastKnownFileType = sourcecode.swift; path = GroupsViewController.swift; sourceTree = "<group>"; };
		88BF319F2BA7B733004A20BE /* PhotoViewController.swift */ = {isa = PBXFileReference; lastKnownFileType = sourcecode.swift; path = PhotoViewController.swift; sourceTree = "<group>"; };
		88BF31A12BA7B77E004A20BE /* CustomTableViewCell2.swift */ = {isa = PBXFileReference; lastKnownFileType = sourcecode.swift; path = CustomTableViewCell2.swift; sourceTree = "<group>"; };
		88BF31A32BA7B880004A20BE /* CustomCollectionViewCell.swift */ = {isa = PBXFileReference; lastKnownFileType = sourcecode.swift; path = CustomCollectionViewCell.swift; sourceTree = "<group>"; };
		88BF31A52BA7B9C4004A20BE /* ImageViewController.swift */ = {isa = PBXFileReference; lastKnownFileType = sourcecode.swift; path = ImageViewController.swift; sourceTree = "<group>"; };
/* End PBXFileReference section */

/* Begin PBXFrameworksBuildPhase section */
		88BF317D2BA7B244004A20BE /* Frameworks */ = {
			isa = PBXFrameworksBuildPhase;
			buildActionMask = 2147483647;
			files = (
			);
			runOnlyForDeploymentPostprocessing = 0;
		};
/* End PBXFrameworksBuildPhase section */

/* Begin PBXGroup section */
		88BF31772BA7B244004A20BE = {
			isa = PBXGroup;
			children = (
				88BF31822BA7B244004A20BE /* HW2 */,
				88BF31812BA7B244004A20BE /* Products */,
			);
			sourceTree = "<group>";
		};
		88BF31812BA7B244004A20BE /* Products */ = {
			isa = PBXGroup;
			children = (
				88BF31802BA7B244004A20BE /* HW2.app */,
			);
			name = Products;
			sourceTree = "<group>";
		};
		88BF31822BA7B244004A20BE /* HW2 */ = {
			isa = PBXGroup;
			children = (
				88BF31A72BA7BF60004A20BE /* Application */,
				88BF31AA2BA7C00B004A20BE /* Resources */,
				88BF31A92BA7BF75004A20BE /* Controllers */,
			);
			path = HW2;
			sourceTree = "<group>";
		};
		88BF31A72BA7BF60004A20BE /* Application */ = {
			isa = PBXGroup;
			children = (
				88BF31852BA7B244004A20BE /* SceneDelegate.swift */,
				88BF31832BA7B244004A20BE /* AppDelegate.swift */,
				88BF31872BA7B244004A20BE /* ViewController.swift */,
			);
			path = Application;
			sourceTree = "<group>";
		};
		88BF31A92BA7BF75004A20BE /* Controllers */ = {
			isa = PBXGroup;
			children = (
				88BF31972BA7B58C004A20BE /* MainTabBarController.swift */,
				88BF31992BA7B625004A20BE /* FriendsViewController.swift */,
				88BF319B2BA7B6BC004A20BE /* CustomTableViewCell.swift */,
				88BF319D2BA7B722004A20BE /* GroupsViewController.swift */,
				88BF31A12BA7B77E004A20BE /* CustomTableViewCell2.swift */,
				88BF319F2BA7B733004A20BE /* PhotoViewController.swift */,
				88BF31A32BA7B880004A20BE /* CustomCollectionViewCell.swift */,
				88BF31A52BA7B9C4004A20BE /* ImageViewController.swift */,
			);
			path = Controllers;
			sourceTree = "<group>";
		};
		88BF31AA2BA7C00B004A20BE /* Resources */ = {
			isa = PBXGroup;
			children = (
				88BF31912BA7B245004A20BE /* Info.plist */,
				88BF318E2BA7B245004A20BE /* LaunchScreen.storyboard */,
				88BF318C2BA7B245004A20BE /* Assets.xcassets */,
			);
			path = Resources;
			sourceTree = "<group>";
		};
/* End PBXGroup section */

/* Begin PBXNativeTarget section */
		88BF317F2BA7B244004A20BE /* HW2 */ = {
			isa = PBXNativeTarget;
			buildConfigurationList = 88BF31942BA7B245004A20BE /* Build configuration list for PBXNativeTarget "HW2" */;
			buildPhases = (
				88BF317C2BA7B244004A20BE /* Sources */,
				88BF317D2BA7B244004A20BE /* Frameworks */,
				88BF317E2BA7B244004A20BE /* Resources */,
			);
			buildRules = (
			);
			dependencies = (
			);
			name = HW2;
			productName = HW2;
			productReference = 88BF31802BA7B244004A20BE /* HW2.app */;
			productType = "com.apple.product-type.application";
		};
/* End PBXNativeTarget section */

/* Begin PBXProject section */
		88BF31782BA7B244004A20BE /* Project object */ = {
			isa = PBXProject;
			attributes = {
				BuildIndependentTargetsInParallel = 1;
				LastSwiftUpdateCheck = 1520;
				LastUpgradeCheck = 1520;
				TargetAttributes = {
					88BF317F2BA7B244004A20BE = {
						CreatedOnToolsVersion = 15.2;
					};
				};
			};
			buildConfigurationList = 88BF317B2BA7B244004A20BE /* Build configuration list for PBXProject "HW2" */;
			compatibilityVersion = "Xcode 14.0";
			developmentRegion = en;
			hasScannedForEncodings = 0;
			knownRegions = (
				en,
				Base,
			);
			mainGroup = 88BF31772BA7B244004A20BE;
			productRefGroup = 88BF31812BA7B244004A20BE /* Products */;
			projectDirPath = "";
			projectRoot = "";
			targets = (
				88BF317F2BA7B244004A20BE /* HW2 */,
			);
		};
/* End PBXProject section */

/* Begin PBXResourcesBuildPhase section */
		88BF317E2BA7B244004A20BE /* Resources */ = {
			isa = PBXResourcesBuildPhase;
			buildActionMask = 2147483647;
			files = (
				88BF31902BA7B245004A20BE /* LaunchScreen.storyboard in Resources */,
				88BF318D2BA7B245004A20BE /* Assets.xcassets in Resources */,
			);
			runOnlyForDeploymentPostprocessing = 0;
		};
/* End PBXResourcesBuildPhase section */

/* Begin PBXSourcesBuildPhase section */
		88BF317C2BA7B244004A20BE /* Sources */ = {
			isa = PBXSourcesBuildPhase;
			buildActionMask = 2147483647;
			files = (
				88BF319E2BA7B722004A20BE /* GroupsViewController.swift in Sources */,
				88BF31A42BA7B880004A20BE /* CustomCollectionViewCell.swift in Sources */,
				88BF319C2BA7B6BC004A20BE /* CustomTableViewCell.swift in Sources */,
				88BF31882BA7B244004A20BE /* ViewController.swift in Sources */,
				88BF31842BA7B244004A20BE /* AppDelegate.swift in Sources */,
				88BF319A2BA7B625004A20BE /* FriendsViewController.swift in Sources */,
				88BF31A02BA7B733004A20BE /* PhotoViewController.swift in Sources */,
				88BF31982BA7B58C004A20BE /* MainTabBarController.swift in Sources */,
				88BF31862BA7B244004A20BE /* SceneDelegate.swift in Sources */,
				88BF31A62BA7B9C5004A20BE /* ImageViewController.swift in Sources */,
				88BF31A22BA7B77E004A20BE /* CustomTableViewCell2.swift in Sources */,
			);
			runOnlyForDeploymentPostprocessing = 0;
		};
/* End PBXSourcesBuildPhase section */

/* Begin PBXVariantGroup section */
		88BF318E2BA7B245004A20BE /* LaunchScreen.storyboard */ = {
			isa = PBXVariantGroup;
			children = (
				88BF318F2BA7B245004A20BE /* Base */,
			);
			name = LaunchScreen.storyboard;
			sourceTree = "<group>";
		};
/* End PBXVariantGroup section */

/* Begin XCBuildConfiguration section */
		88BF31922BA7B245004A20BE /* Debug */ = {
			isa = XCBuildConfiguration;
			buildSettings = {
				ALWAYS_SEARCH_USER_PATHS = NO;
				ASSETCATALOG_COMPILER_GENERATE_SWIFT_ASSET_SYMBOL_EXTENSIONS = YES;
				CLANG_ANALYZER_NONNULL = YES;
				CLANG_ANALYZER_NUMBER_OBJECT_CONVERSION = YES_AGGRESSIVE;
				CLANG_CXX_LANGUAGE_STANDARD = "gnu++20";
				CLANG_ENABLE_MODULES = YES;
				CLANG_ENABLE_OBJC_ARC = YES;
				CLANG_ENABLE_OBJC_WEAK = YES;
				CLANG_WARN_BLOCK_CAPTURE_AUTORELEASING = YES;
				CLANG_WARN_BOOL_CONVERSION = YES;
				CLANG_WARN_COMMA = YES;
				CLANG_WARN_CONSTANT_CONVERSION = YES;
				CLANG_WARN_DEPRECATED_OBJC_IMPLEMENTATIONS = YES;
				CLANG_WARN_DIRECT_OBJC_ISA_USAGE = YES_ERROR;
				CLANG_WARN_DOCUMENTATION_COMMENTS = YES;
				CLANG_WARN_EMPTY_BODY = YES;
				CLANG_WARN_ENUM_CONVERSION = YES;
				CLANG_WARN_INFINITE_RECURSION = YES;
				CLANG_WARN_INT_CONVERSION = YES;
				CLANG_WARN_NON_LITERAL_NULL_CONVERSION = YES;
				CLANG_WARN_OBJC_IMPLICIT_RETAIN_SELF = YES;
				CLANG_WARN_OBJC_LITERAL_CONVERSION = YES;
				CLANG_WARN_OBJC_ROOT_CLASS = YES_ERROR;
				CLANG_WARN_QUOTED_INCLUDE_IN_FRAMEWORK_HEADER = YES;
				CLANG_WARN_RANGE_LOOP_ANALYSIS = YES;
				CLANG_WARN_STRICT_PROTOTYPES = YES;
				CLANG_WARN_SUSPICIOUS_MOVE = YES;
				CLANG_WARN_UNGUARDED_AVAILABILITY = YES_AGGRESSIVE;
				CLANG_WARN_UNREACHABLE_CODE = YES;
				CLANG_WARN__DUPLICATE_METHOD_MATCH = YES;
				COPY_PHASE_STRIP = NO;
				DEBUG_INFORMATION_FORMAT = dwarf;
				ENABLE_STRICT_OBJC_MSGSEND = YES;
				ENABLE_TESTABILITY = YES;
				ENABLE_USER_SCRIPT_SANDBOXING = YES;
				GCC_C_LANGUAGE_STANDARD = gnu17;
				GCC_DYNAMIC_NO_PIC = NO;
				GCC_NO_COMMON_BLOCKS = YES;
				GCC_OPTIMIZATION_LEVEL = 0;
				GCC_PREPROCESSOR_DEFINITIONS = (
					"DEBUG=1",
					"$(inherited)",
				);
				GCC_WARN_64_TO_32_BIT_CONVERSION = YES;
				GCC_WARN_ABOUT_RETURN_TYPE = YES_ERROR;
				GCC_WARN_UNDECLARED_SELECTOR = YES;
				GCC_WARN_UNINITIALIZED_AUTOS = YES_AGGRESSIVE;
				GCC_WARN_UNUSED_FUNCTION = YES;
				GCC_WARN_UNUSED_VARIABLE = YES;
				IPHONEOS_DEPLOYMENT_TARGET = 17.2;
				LOCALIZATION_PREFERS_STRING_CATALOGS = YES;
				MTL_ENABLE_DEBUG_INFO = INCLUDE_SOURCE;
				MTL_FAST_MATH = YES;
				ONLY_ACTIVE_ARCH = YES;
				SDKROOT = iphoneos;
				SWIFT_ACTIVE_COMPILATION_CONDITIONS = "DEBUG $(inherited)";
				SWIFT_OPTIMIZATION_LEVEL = "-Onone";
			};
			name = Debug;
		};
		88BF31932BA7B245004A20BE /* Release */ = {
			isa = XCBuildConfiguration;
			buildSettings = {
				ALWAYS_SEARCH_USER_PATHS = NO;
				ASSETCATALOG_COMPILER_GENERATE_SWIFT_ASSET_SYMBOL_EXTENSIONS = YES;
				CLANG_ANALYZER_NONNULL = YES;
				CLANG_ANALYZER_NUMBER_OBJECT_CONVERSION = YES_AGGRESSIVE;
				CLANG_CXX_LANGUAGE_STANDARD = "gnu++20";
				CLANG_ENABLE_MODULES = YES;
				CLANG_ENABLE_OBJC_ARC = YES;
				CLANG_ENABLE_OBJC_WEAK = YES;
				CLANG_WARN_BLOCK_CAPTURE_AUTORELEASING = YES;
				CLANG_WARN_BOOL_CONVERSION = YES;
				CLANG_WARN_COMMA = YES;
				CLANG_WARN_CONSTANT_CONVERSION = YES;
				CLANG_WARN_DEPRECATED_OBJC_IMPLEMENTATIONS = YES;
				CLANG_WARN_DIRECT_OBJC_ISA_USAGE = YES_ERROR;
				CLANG_WARN_DOCUMENTATION_COMMENTS = YES;
				CLANG_WARN_EMPTY_BODY = YES;
				CLANG_WARN_ENUM_CONVERSION = YES;
				CLANG_WARN_INFINITE_RECURSION = YES;
				CLANG_WARN_INT_CONVERSION = YES;
				CLANG_WARN_NON_LITERAL_NULL_CONVERSION = YES;
				CLANG_WARN_OBJC_IMPLICIT_RETAIN_SELF = YES;
				CLANG_WARN_OBJC_LITERAL_CONVERSION = YES;
				CLANG_WARN_OBJC_ROOT_CLASS = YES_ERROR;
				CLANG_WARN_QUOTED_INCLUDE_IN_FRAMEWORK_HEADER = YES;
				CLANG_WARN_RANGE_LOOP_ANALYSIS = YES;
				CLANG_WARN_STRICT_PROTOTYPES = YES;
				CLANG_WARN_SUSPICIOUS_MOVE = YES;
				CLANG_WARN_UNGUARDED_AVAILABILITY = YES_AGGRESSIVE;
				CLANG_WARN_UNREACHABLE_CODE = YES;
				CLANG_WARN__DUPLICATE_METHOD_MATCH = YES;
				COPY_PHASE_STRIP = NO;
				DEBUG_INFORMATION_FORMAT = "dwarf-with-dsym";
				ENABLE_NS_ASSERTIONS = NO;
				ENABLE_STRICT_OBJC_MSGSEND = YES;
				ENABLE_USER_SCRIPT_SANDBOXING = YES;
				GCC_C_LANGUAGE_STANDARD = gnu17;
				GCC_NO_COMMON_BLOCKS = YES;
				GCC_WARN_64_TO_32_BIT_CONVERSION = YES;
				GCC_WARN_ABOUT_RETURN_TYPE = YES_ERROR;
				GCC_WARN_UNDECLARED_SELECTOR = YES;
				GCC_WARN_UNINITIALIZED_AUTOS = YES_AGGRESSIVE;
				GCC_WARN_UNUSED_FUNCTION = YES;
				GCC_WARN_UNUSED_VARIABLE = YES;
				IPHONEOS_DEPLOYMENT_TARGET = 17.2;
				LOCALIZATION_PREFERS_STRING_CATALOGS = YES;
				MTL_ENABLE_DEBUG_INFO = NO;
				MTL_FAST_MATH = YES;
				SDKROOT = iphoneos;
				SWIFT_COMPILATION_MODE = wholemodule;
				VALIDATE_PRODUCT = YES;
			};
			name = Release;
		};
		88BF31952BA7B245004A20BE /* Debug */ = {
			isa = XCBuildConfiguration;
			buildSettings = {
				ASSETCATALOG_COMPILER_APPICON_NAME = AppIcon;
				ASSETCATALOG_COMPILER_GLOBAL_ACCENT_COLOR_NAME = AccentColor;
				CODE_SIGN_STYLE = Automatic;
				CURRENT_PROJECT_VERSION = 1;
				GENERATE_INFOPLIST_FILE = YES;
				INFOPLIST_FILE = HW2/Resources/Info.plist;
				INFOPLIST_KEY_UIApplicationSupportsIndirectInputEvents = YES;
				INFOPLIST_KEY_UILaunchStoryboardName = LaunchScreen;
				INFOPLIST_KEY_UISupportedInterfaceOrientations_iPad = "UIInterfaceOrientationPortrait UIInterfaceOrientationPortraitUpsideDown UIInterfaceOrientationLandscapeLeft UIInterfaceOrientationLandscapeRight";
				INFOPLIST_KEY_UISupportedInterfaceOrientations_iPhone = "UIInterfaceOrientationPortrait UIInterfaceOrientationLandscapeLeft UIInterfaceOrientationLandscapeRight";
				LD_RUNPATH_SEARCH_PATHS = (
					"$(inherited)",
					"@executable_path/Frameworks",
				);
				MARKETING_VERSION = 1.0;
				PRODUCT_BUNDLE_IDENTIFIER = "-.HW2";
				PRODUCT_NAME = "$(TARGET_NAME)";
				SWIFT_EMIT_LOC_STRINGS = YES;
				SWIFT_VERSION = 5.0;
				TARGETED_DEVICE_FAMILY = "1,2";
			};
			name = Debug;
		};
		88BF31962BA7B245004A20BE /* Release */ = {
			isa = XCBuildConfiguration;
			buildSettings = {
				ASSETCATALOG_COMPILER_APPICON_NAME = AppIcon;
				ASSETCATALOG_COMPILER_GLOBAL_ACCENT_COLOR_NAME = AccentColor;
				CODE_SIGN_STYLE = Automatic;
				CURRENT_PROJECT_VERSION = 1;
				GENERATE_INFOPLIST_FILE = YES;
				INFOPLIST_FILE = HW2/Resources/Info.plist;
				INFOPLIST_KEY_UIApplicationSupportsIndirectInputEvents = YES;
				INFOPLIST_KEY_UILaunchStoryboardName = LaunchScreen;
				INFOPLIST_KEY_UISupportedInterfaceOrientations_iPad = "UIInterfaceOrientationPortrait UIInterfaceOrientationPortraitUpsideDown UIInterfaceOrientationLandscapeLeft UIInterfaceOrientationLandscapeRight";
				INFOPLIST_KEY_UISupportedInterfaceOrientations_iPhone = "UIInterfaceOrientationPortrait UIInterfaceOrientationLandscapeLeft UIInterfaceOrientationLandscapeRight";
				LD_RUNPATH_SEARCH_PATHS = (
					"$(inherited)",
					"@executable_path/Frameworks",
				);
				MARKETING_VERSION = 1.0;
				PRODUCT_BUNDLE_IDENTIFIER = "-.HW2";
				PRODUCT_NAME = "$(TARGET_NAME)";
				SWIFT_EMIT_LOC_STRINGS = YES;
				SWIFT_VERSION = 5.0;
				TARGETED_DEVICE_FAMILY = "1,2";
			};
			name = Release;
		};
/* End XCBuildConfiguration section */

/* Begin XCConfigurationList section */
		88BF317B2BA7B244004A20BE /* Build configuration list for PBXProject "HW2" */ = {
			isa = XCConfigurationList;
			buildConfigurations = (
				88BF31922BA7B245004A20BE /* Debug */,
				88BF31932BA7B245004A20BE /* Release */,
			);
			defaultConfigurationIsVisible = 0;
			defaultConfigurationName = Release;
		};
		88BF31942BA7B245004A20BE /* Build configuration list for PBXNativeTarget "HW2" */ = {
			isa = XCConfigurationList;
			buildConfigurations = (
				88BF31952BA7B245004A20BE /* Debug */,
				88BF31962BA7B245004A20BE /* Release */,
			);
			defaultConfigurationIsVisible = 0;
			defaultConfigurationName = Release;
		};
/* End XCConfigurationList section */
	};
	rootObject = 88BF31782BA7B244004A20BE /* Project object */;
}
