// !$*UTF8*$!
{
	archiveVersion = 1;
	classes = {
	};
	objectVersion = 56;
	objects = {

/* Begin PBXBuildFile section */
		8809AA112BAE715A0053F5F6 /* AppDelegate.swift in Sources */ = {isa = PBXBuildFile; fileRef = 8809AA102BAE715A0053F5F6 /* AppDelegate.swift */; };
		8809AA132BAE715A0053F5F6 /* SceneDelegate.swift in Sources */ = {isa = PBXBuildFile; fileRef = 8809AA122BAE715A0053F5F6 /* SceneDelegate.swift */; };
		8809AA152BAE715A0053F5F6 /* ViewController.swift in Sources */ = {isa = PBXBuildFile; fileRef = 8809AA142BAE715A0053F5F6 /* ViewController.swift */; };
		8809AA1A2BAE715C0053F5F6 /* Assets.xcassets in Resources */ = {isa = PBXBuildFile; fileRef = 8809AA192BAE715C0053F5F6 /* Assets.xcassets */; };
		8809AA1D2BAE715C0053F5F6 /* LaunchScreen.storyboard in Resources */ = {isa = PBXBuildFile; fileRef = 8809AA1B2BAE715C0053F5F6 /* LaunchScreen.storyboard */; };
		8809AA252BAE75990053F5F6 /* MainTabBarController.swift in Sources */ = {isa = PBXBuildFile; fileRef = 8809AA242BAE75990053F5F6 /* MainTabBarController.swift */; };
		8809AA272BAE75CB0053F5F6 /* FriendsViewController.swift in Sources */ = {isa = PBXBuildFile; fileRef = 8809AA262BAE75CB0053F5F6 /* FriendsViewController.swift */; };
		8809AA292BAE760C0053F5F6 /* CustomTableViewCell.swift in Sources */ = {isa = PBXBuildFile; fileRef = 8809AA282BAE760C0053F5F6 /* CustomTableViewCell.swift */; };
		8809AA2B2BAE763B0053F5F6 /* GroupsViewController.swift in Sources */ = {isa = PBXBuildFile; fileRef = 8809AA2A2BAE763B0053F5F6 /* GroupsViewController.swift */; };
		8809AA2D2BAE76690053F5F6 /* CustomTableViewCell2.swift in Sources */ = {isa = PBXBuildFile; fileRef = 8809AA2C2BAE76690053F5F6 /* CustomTableViewCell2.swift */; };
		8809AA2F2BAE76AF0053F5F6 /* PhotoViewController.swift in Sources */ = {isa = PBXBuildFile; fileRef = 8809AA2E2BAE76AF0053F5F6 /* PhotoViewController.swift */; };
		8809AA312BAE76EB0053F5F6 /* CustomCollectionViewCell.swift in Sources */ = {isa = PBXBuildFile; fileRef = 8809AA302BAE76EB0053F5F6 /* CustomCollectionViewCell.swift */; };
		8809AA332BAE77390053F5F6 /* ImageViewController.swift in Sources */ = {isa = PBXBuildFile; fileRef = 8809AA322BAE77390053F5F6 /* ImageViewController.swift */; };
/* End PBXBuildFile section */

/* Begin PBXFileReference section */
		8809AA0D2BAE715A0053F5F6 /* HomeworkSwiftApp3.app */ = {isa = PBXFileReference; explicitFileType = wrapper.application; includeInIndex = 0; path = HomeworkSwiftApp3.app; sourceTree = BUILT_PRODUCTS_DIR; };
		8809AA102BAE715A0053F5F6 /* AppDelegate.swift */ = {isa = PBXFileReference; lastKnownFileType = sourcecode.swift; path = AppDelegate.swift; sourceTree = "<group>"; };
		8809AA122BAE715A0053F5F6 /* SceneDelegate.swift */ = {isa = PBXFileReference; lastKnownFileType = sourcecode.swift; path = SceneDelegate.swift; sourceTree = "<group>"; };
		8809AA142BAE715A0053F5F6 /* ViewController.swift */ = {isa = PBXFileReference; lastKnownFileType = sourcecode.swift; path = ViewController.swift; sourceTree = "<group>"; };
		8809AA192BAE715C0053F5F6 /* Assets.xcassets */ = {isa = PBXFileReference; lastKnownFileType = folder.assetcatalog; path = Assets.xcassets; sourceTree = "<group>"; };
		8809AA1C2BAE715C0053F5F6 /* Base */ = {isa = PBXFileReference; lastKnownFileType = file.storyboard; name = Base; path = Base.lproj/LaunchScreen.storyboard; sourceTree = "<group>"; };
		8809AA1E2BAE715C0053F5F6 /* Info.plist */ = {isa = PBXFileReference; lastKnownFileType = text.plist.xml; path = Info.plist; sourceTree = "<group>"; };
		8809AA242BAE75990053F5F6 /* MainTabBarController.swift */ = {isa = PBXFileReference; lastKnownFileType = sourcecode.swift; path = MainTabBarController.swift; sourceTree = "<group>"; };
		8809AA262BAE75CB0053F5F6 /* FriendsViewController.swift */ = {isa = PBXFileReference; lastKnownFileType = sourcecode.swift; path = FriendsViewController.swift; sourceTree = "<group>"; };
		8809AA282BAE760C0053F5F6 /* CustomTableViewCell.swift */ = {isa = PBXFileReference; lastKnownFileType = sourcecode.swift; path = CustomTableViewCell.swift; sourceTree = "<group>"; };
		8809AA2A2BAE763B0053F5F6 /* GroupsViewController.swift */ = {isa = PBXFileReference; lastKnownFileType = sourcecode.swift; path = GroupsViewController.swift; sourceTree = "<group>"; };
		8809AA2C2BAE76690053F5F6 /* CustomTableViewCell2.swift */ = {isa = PBXFileReference; lastKnownFileType = sourcecode.swift; path = CustomTableViewCell2.swift; sourceTree = "<group>"; };
		8809AA2E2BAE76AF0053F5F6 /* PhotoViewController.swift */ = {isa = PBXFileReference; lastKnownFileType = sourcecode.swift; path = PhotoViewController.swift; sourceTree = "<group>"; };
		8809AA302BAE76EB0053F5F6 /* CustomCollectionViewCell.swift */ = {isa = PBXFileReference; lastKnownFileType = sourcecode.swift; path = CustomCollectionViewCell.swift; sourceTree = "<group>"; };
		8809AA322BAE77390053F5F6 /* ImageViewController.swift */ = {isa = PBXFileReference; lastKnownFileType = sourcecode.swift; path = ImageViewController.swift; sourceTree = "<group>"; };
/* End PBXFileReference section */

/* Begin PBXFrameworksBuildPhase section */
		8809AA0A2BAE715A0053F5F6 /* Frameworks */ = {
			isa = PBXFrameworksBuildPhase;
			buildActionMask = 2147483647;
			files = (
			);
			runOnlyForDeploymentPostprocessing = 0;
		};
/* End PBXFrameworksBuildPhase section */

/* Begin PBXGroup section */
		8809AA042BAE715A0053F5F6 = {
			isa = PBXGroup;
			children = (
				8809AA0F2BAE715A0053F5F6 /* HomeworkSwiftApp3 */,
				8809AA0E2BAE715A0053F5F6 /* Products */,
			);
			sourceTree = "<group>";
		};
		8809AA0E2BAE715A0053F5F6 /* Products */ = {
			isa = PBXGroup;
			children = (
				8809AA0D2BAE715A0053F5F6 /* HomeworkSwiftApp3.app */,
			);
			name = Products;
			sourceTree = "<group>";
		};
		8809AA0F2BAE715A0053F5F6 /* HomeworkSwiftApp3 */ = {
			isa = PBXGroup;
			children = (
				8809AA102BAE715A0053F5F6 /* AppDelegate.swift */,
				8809AA122BAE715A0053F5F6 /* SceneDelegate.swift */,
				8809AA142BAE715A0053F5F6 /* ViewController.swift */,
				8809AA192BAE715C0053F5F6 /* Assets.xcassets */,
				8809AA1B2BAE715C0053F5F6 /* LaunchScreen.storyboard */,
				8809AA1E2BAE715C0053F5F6 /* Info.plist */,
				8809AA242BAE75990053F5F6 /* MainTabBarController.swift */,
				8809AA262BAE75CB0053F5F6 /* FriendsViewController.swift */,
				8809AA282BAE760C0053F5F6 /* CustomTableViewCell.swift */,
				8809AA2A2BAE763B0053F5F6 /* GroupsViewController.swift */,
				8809AA2C2BAE76690053F5F6 /* CustomTableViewCell2.swift */,
				8809AA2E2BAE76AF0053F5F6 /* PhotoViewController.swift */,
				8809AA302BAE76EB0053F5F6 /* CustomCollectionViewCell.swift */,
				8809AA322BAE77390053F5F6 /* ImageViewController.swift */,
			);
			path = HomeworkSwiftApp3;
			sourceTree = "<group>";
		};
/* End PBXGroup section */

/* Begin PBXNativeTarget section */
		8809AA0C2BAE715A0053F5F6 /* HomeworkSwiftApp3 */ = {
			isa = PBXNativeTarget;
			buildConfigurationList = 8809AA212BAE715C0053F5F6 /* Build configuration list for PBXNativeTarget "HomeworkSwiftApp3" */;
			buildPhases = (
				8809AA092BAE715A0053F5F6 /* Sources */,
				8809AA0A2BAE715A0053F5F6 /* Frameworks */,
				8809AA0B2BAE715A0053F5F6 /* Resources */,
			);
			buildRules = (
			);
			dependencies = (
			);
			name = HomeworkSwiftApp3;
			productName = HomeworkSwiftApp3;
			productReference = 8809AA0D2BAE715A0053F5F6 /* HomeworkSwiftApp3.app */;
			productType = "com.apple.product-type.application";
		};
/* End PBXNativeTarget section */

/* Begin PBXProject section */
		8809AA052BAE715A0053F5F6 /* Project object */ = {
			isa = PBXProject;
			attributes = {
				BuildIndependentTargetsInParallel = 1;
				LastSwiftUpdateCheck = 1520;
				LastUpgradeCheck = 1520;
				TargetAttributes = {
					8809AA0C2BAE715A0053F5F6 = {
						CreatedOnToolsVersion = 15.2;
					};
				};
			};
			buildConfigurationList = 8809AA082BAE715A0053F5F6 /* Build configuration list for PBXProject "HomeworkSwiftApp3" */;
			compatibilityVersion = "Xcode 14.0";
			developmentRegion = en;
			hasScannedForEncodings = 0;
			knownRegions = (
				en,
				Base,
			);
			mainGroup = 8809AA042BAE715A0053F5F6;
			productRefGroup = 8809AA0E2BAE715A0053F5F6 /* Products */;
			projectDirPath = "";
			projectRoot = "";
			targets = (
				8809AA0C2BAE715A0053F5F6 /* HomeworkSwiftApp3 */,
			);
		};
/* End PBXProject section */

/* Begin PBXResourcesBuildPhase section */
		8809AA0B2BAE715A0053F5F6 /* Resources */ = {
			isa = PBXResourcesBuildPhase;
			buildActionMask = 2147483647;
			files = (
				8809AA1D2BAE715C0053F5F6 /* LaunchScreen.storyboard in Resources */,
				8809AA1A2BAE715C0053F5F6 /* Assets.xcassets in Resources */,
			);
			runOnlyForDeploymentPostprocessing = 0;
		};
/* End PBXResourcesBuildPhase section */

/* Begin PBXSourcesBuildPhase section */
		8809AA092BAE715A0053F5F6 /* Sources */ = {
			isa = PBXSourcesBuildPhase;
			buildActionMask = 2147483647;
			files = (
				8809AA2B2BAE763B0053F5F6 /* GroupsViewController.swift in Sources */,
				8809AA312BAE76EB0053F5F6 /* CustomCollectionViewCell.swift in Sources */,
				8809AA292BAE760C0053F5F6 /* CustomTableViewCell.swift in Sources */,
				8809AA152BAE715A0053F5F6 /* ViewController.swift in Sources */,
				8809AA272BAE75CB0053F5F6 /* FriendsViewController.swift in Sources */,
				8809AA112BAE715A0053F5F6 /* AppDelegate.swift in Sources */,
				8809AA2F2BAE76AF0053F5F6 /* PhotoViewController.swift in Sources */,
				8809AA2D2BAE76690053F5F6 /* CustomTableViewCell2.swift in Sources */,
				8809AA252BAE75990053F5F6 /* MainTabBarController.swift in Sources */,
				8809AA332BAE77390053F5F6 /* ImageViewController.swift in Sources */,
				8809AA132BAE715A0053F5F6 /* SceneDelegate.swift in Sources */,
			);
			runOnlyForDeploymentPostprocessing = 0;
		};
/* End PBXSourcesBuildPhase section */

/* Begin PBXVariantGroup section */
		8809AA1B2BAE715C0053F5F6 /* LaunchScreen.storyboard */ = {
			isa = PBXVariantGroup;
			children = (
				8809AA1C2BAE715C0053F5F6 /* Base */,
			);
			name = LaunchScreen.storyboard;
			sourceTree = "<group>";
		};
/* End PBXVariantGroup section */

/* Begin XCBuildConfiguration section */
		8809AA1F2BAE715C0053F5F6 /* Debug */ = {
			isa = XCBuildConfiguration;
			buildSettings = {
				ALWAYS_SEARCH_USER_PATHS = NO;
				ASSETCATALOG_COMPILER_GENERATE_SWIFT_ASSET_SYMBOL_EXTENSIONS = YES;
				CLANG_ANALYZER_NONNULL = YES;
				CLANG_ANALYZER_NUMBER_OBJECT_CONVERSION = YES_AGGRESSIVE;
				CLANG_CXX_LANGUAGE_STANDARD = "gnu++20";
				CLANG_ENABLE_MODULES = YES;
				CLANG_ENABLE_OBJC_ARC = YES;
				CLANG_ENABLE_OBJC_WEAK = YES;
				CLANG_WARN_BLOCK_CAPTURE_AUTORELEASING = YES;
				CLANG_WARN_BOOL_CONVERSION = YES;
				CLANG_WARN_COMMA = YES;
				CLANG_WARN_CONSTANT_CONVERSION = YES;
				CLANG_WARN_DEPRECATED_OBJC_IMPLEMENTATIONS = YES;
				CLANG_WARN_DIRECT_OBJC_ISA_USAGE = YES_ERROR;
				CLANG_WARN_DOCUMENTATION_COMMENTS = YES;
				CLANG_WARN_EMPTY_BODY = YES;
				CLANG_WARN_ENUM_CONVERSION = YES;
				CLANG_WARN_INFINITE_RECURSION = YES;
				CLANG_WARN_INT_CONVERSION = YES;
				CLANG_WARN_NON_LITERAL_NULL_CONVERSION = YES;
				CLANG_WARN_OBJC_IMPLICIT_RETAIN_SELF = YES;
				CLANG_WARN_OBJC_LITERAL_CONVERSION = YES;
				CLANG_WARN_OBJC_ROOT_CLASS = YES_ERROR;
				CLANG_WARN_QUOTED_INCLUDE_IN_FRAMEWORK_HEADER = YES;
				CLANG_WARN_RANGE_LOOP_ANALYSIS = YES;
				CLANG_WARN_STRICT_PROTOTYPES = YES;
				CLANG_WARN_SUSPICIOUS_MOVE = YES;
				CLANG_WARN_UNGUARDED_AVAILABILITY = YES_AGGRESSIVE;
				CLANG_WARN_UNREACHABLE_CODE = YES;
				CLANG_WARN__DUPLICATE_METHOD_MATCH = YES;
				COPY_PHASE_STRIP = NO;
				DEBUG_INFORMATION_FORMAT = dwarf;
				ENABLE_STRICT_OBJC_MSGSEND = YES;
				ENABLE_TESTABILITY = YES;
				ENABLE_USER_SCRIPT_SANDBOXING = YES;
				GCC_C_LANGUAGE_STANDARD = gnu17;
				GCC_DYNAMIC_NO_PIC = NO;
				GCC_NO_COMMON_BLOCKS = YES;
				GCC_OPTIMIZATION_LEVEL = 0;
				GCC_PREPROCESSOR_DEFINITIONS = (
					"DEBUG=1",
					"$(inherited)",
				);
				GCC_WARN_64_TO_32_BIT_CONVERSION = YES;
				GCC_WARN_ABOUT_RETURN_TYPE = YES_ERROR;
				GCC_WARN_UNDECLARED_SELECTOR = YES;
				GCC_WARN_UNINITIALIZED_AUTOS = YES_AGGRESSIVE;
				GCC_WARN_UNUSED_FUNCTION = YES;
				GCC_WARN_UNUSED_VARIABLE = YES;
				IPHONEOS_DEPLOYMENT_TARGET = 17.2;
				LOCALIZATION_PREFERS_STRING_CATALOGS = YES;
				MTL_ENABLE_DEBUG_INFO = INCLUDE_SOURCE;
				MTL_FAST_MATH = YES;
				ONLY_ACTIVE_ARCH = YES;
				SDKROOT = iphoneos;
				SWIFT_ACTIVE_COMPILATION_CONDITIONS = "DEBUG $(inherited)";
				SWIFT_OPTIMIZATION_LEVEL = "-Onone";
			};
			name = Debug;
		};
		8809AA202BAE715C0053F5F6 /* Release */ = {
			isa = XCBuildConfiguration;
			buildSettings = {
				ALWAYS_SEARCH_USER_PATHS = NO;
				ASSETCATALOG_COMPILER_GENERATE_SWIFT_ASSET_SYMBOL_EXTENSIONS = YES;
				CLANG_ANALYZER_NONNULL = YES;
				CLANG_ANALYZER_NUMBER_OBJECT_CONVERSION = YES_AGGRESSIVE;
				CLANG_CXX_LANGUAGE_STANDARD = "gnu++20";
				CLANG_ENABLE_MODULES = YES;
				CLANG_ENABLE_OBJC_ARC = YES;
				CLANG_ENABLE_OBJC_WEAK = YES;
				CLANG_WARN_BLOCK_CAPTURE_AUTORELEASING = YES;
				CLANG_WARN_BOOL_CONVERSION = YES;
				CLANG_WARN_COMMA = YES;
				CLANG_WARN_CONSTANT_CONVERSION = YES;
				CLANG_WARN_DEPRECATED_OBJC_IMPLEMENTATIONS = YES;
				CLANG_WARN_DIRECT_OBJC_ISA_USAGE = YES_ERROR;
				CLANG_WARN_DOCUMENTATION_COMMENTS = YES;
				CLANG_WARN_EMPTY_BODY = YES;
				CLANG_WARN_ENUM_CONVERSION = YES;
				CLANG_WARN_INFINITE_RECURSION = YES;
				CLANG_WARN_INT_CONVERSION = YES;
				CLANG_WARN_NON_LITERAL_NULL_CONVERSION = YES;
				CLANG_WARN_OBJC_IMPLICIT_RETAIN_SELF = YES;
				CLANG_WARN_OBJC_LITERAL_CONVERSION = YES;
				CLANG_WARN_OBJC_ROOT_CLASS = YES_ERROR;
				CLANG_WARN_QUOTED_INCLUDE_IN_FRAMEWORK_HEADER = YES;
				CLANG_WARN_RANGE_LOOP_ANALYSIS = YES;
				CLANG_WARN_STRICT_PROTOTYPES = YES;
				CLANG_WARN_SUSPICIOUS_MOVE = YES;
				CLANG_WARN_UNGUARDED_AVAILABILITY = YES_AGGRESSIVE;
				CLANG_WARN_UNREACHABLE_CODE = YES;
				CLANG_WARN__DUPLICATE_METHOD_MATCH = YES;
				COPY_PHASE_STRIP = NO;
				DEBUG_INFORMATION_FORMAT = "dwarf-with-dsym";
				ENABLE_NS_ASSERTIONS = NO;
				ENABLE_STRICT_OBJC_MSGSEND = YES;
				ENABLE_USER_SCRIPT_SANDBOXING = YES;
				GCC_C_LANGUAGE_STANDARD = gnu17;
				GCC_NO_COMMON_BLOCKS = YES;
				GCC_WARN_64_TO_32_BIT_CONVERSION = YES;
				GCC_WARN_ABOUT_RETURN_TYPE = YES_ERROR;
				GCC_WARN_UNDECLARED_SELECTOR = YES;
				GCC_WARN_UNINITIALIZED_AUTOS = YES_AGGRESSIVE;
				GCC_WARN_UNUSED_FUNCTION = YES;
				GCC_WARN_UNUSED_VARIABLE = YES;
				IPHONEOS_DEPLOYMENT_TARGET = 17.2;
				LOCALIZATION_PREFERS_STRING_CATALOGS = YES;
				MTL_ENABLE_DEBUG_INFO = NO;
				MTL_FAST_MATH = YES;
				SDKROOT = iphoneos;
				SWIFT_COMPILATION_MODE = wholemodule;
				VALIDATE_PRODUCT = YES;
			};
			name = Release;
		};
		8809AA222BAE715C0053F5F6 /* Debug */ = {
			isa = XCBuildConfiguration;
			buildSettings = {
				ASSETCATALOG_COMPILER_APPICON_NAME = AppIcon;
				ASSETCATALOG_COMPILER_GLOBAL_ACCENT_COLOR_NAME = AccentColor;
				CODE_SIGN_STYLE = Automatic;
				CURRENT_PROJECT_VERSION = 1;
				GENERATE_INFOPLIST_FILE = YES;
				INFOPLIST_FILE = HomeworkSwiftApp3/Info.plist;
				INFOPLIST_KEY_UIApplicationSupportsIndirectInputEvents = YES;
				INFOPLIST_KEY_UILaunchStoryboardName = LaunchScreen;
				INFOPLIST_KEY_UISupportedInterfaceOrientations_iPad = "UIInterfaceOrientationPortrait UIInterfaceOrientationPortraitUpsideDown UIInterfaceOrientationLandscapeLeft UIInterfaceOrientationLandscapeRight";
				INFOPLIST_KEY_UISupportedInterfaceOrientations_iPhone = "UIInterfaceOrientationPortrait UIInterfaceOrientationLandscapeLeft UIInterfaceOrientationLandscapeRight";
				LD_RUNPATH_SEARCH_PATHS = (
					"$(inherited)",
					"@executable_path/Frameworks",
				);
				MARKETING_VERSION = 1.0;
				PRODUCT_BUNDLE_IDENTIFIER = "-.HomeworkSwiftApp3";
				PRODUCT_NAME = "$(TARGET_NAME)";
				SWIFT_EMIT_LOC_STRINGS = YES;
				SWIFT_VERSION = 5.0;
				TARGETED_DEVICE_FAMILY = "1,2";
			};
			name = Debug;
		};
		8809AA232BAE715C0053F5F6 /* Release */ = {
			isa = XCBuildConfiguration;
			buildSettings = {
				ASSETCATALOG_COMPILER_APPICON_NAME = AppIcon;
				ASSETCATALOG_COMPILER_GLOBAL_ACCENT_COLOR_NAME = AccentColor;
				CODE_SIGN_STYLE = Automatic;
				CURRENT_PROJECT_VERSION = 1;
				GENERATE_INFOPLIST_FILE = YES;
				INFOPLIST_FILE = HomeworkSwiftApp3/Info.plist;
				INFOPLIST_KEY_UIApplicationSupportsIndirectInputEvents = YES;
				INFOPLIST_KEY_UILaunchStoryboardName = LaunchScreen;
				INFOPLIST_KEY_UISupportedInterfaceOrientations_iPad = "UIInterfaceOrientationPortrait UIInterfaceOrientationPortraitUpsideDown UIInterfaceOrientationLandscapeLeft UIInterfaceOrientationLandscapeRight";
				INFOPLIST_KEY_UISupportedInterfaceOrientations_iPhone = "UIInterfaceOrientationPortrait UIInterfaceOrientationLandscapeLeft UIInterfaceOrientationLandscapeRight";
				LD_RUNPATH_SEARCH_PATHS = (
					"$(inherited)",
					"@executable_path/Frameworks",
				);
				MARKETING_VERSION = 1.0;
				PRODUCT_BUNDLE_IDENTIFIER = "-.HomeworkSwiftApp3";
				PRODUCT_NAME = "$(TARGET_NAME)";
				SWIFT_EMIT_LOC_STRINGS = YES;
				SWIFT_VERSION = 5.0;
				TARGETED_DEVICE_FAMILY = "1,2";
			};
			name = Release;
		};
/* End XCBuildConfiguration section */

/* Begin XCConfigurationList section */
		8809AA082BAE715A0053F5F6 /* Build configuration list for PBXProject "HomeworkSwiftApp3" */ = {
			isa = XCConfigurationList;
			buildConfigurations = (
				8809AA1F2BAE715C0053F5F6 /* Debug */,
				8809AA202BAE715C0053F5F6 /* Release */,
			);
			defaultConfigurationIsVisible = 0;
			defaultConfigurationName = Release;
		};
		8809AA212BAE715C0053F5F6 /* Build configuration list for PBXNativeTarget "HomeworkSwiftApp3" */ = {
			isa = XCConfigurationList;
			buildConfigurations = (
				8809AA222BAE715C0053F5F6 /* Debug */,
				8809AA232BAE715C0053F5F6 /* Release */,
			);
			defaultConfigurationIsVisible = 0;
			defaultConfigurationName = Release;
		};
/* End XCConfigurationList section */
	};
	rootObject = 8809AA052BAE715A0053F5F6 /* Project object */;
}
